
Microsoft Visual Studio Solution File, Format Version 12.00
# Visual Studio 15
VisualStudioVersion = 15.0.28307.572
MinimumVisualStudioVersion = 10.0.40219.1
Project("{2150E333-8FDC-42A3-9474-1A3956D46DE8}") = "source", "source", "{71F3CCBB-AB1E-446E-8156-4A0E77AE9163}"
EndProject
Project("{2150E333-8FDC-42A3-9474-1A3956D46DE8}") = "docs", "docs", "{286D3F8D-1856-48A5-A553-AA8E780609F3}"
EndProject
Project("{2150E333-8FDC-42A3-9474-1A3956D46DE8}") = "tests", "tests", "{997DD520-BB93-435E-96DE-C1B21D540523}"
EndProject
Project("{FAE04EC0-301F-11D3-BF4B-00C04F79EFBC}") = "TitleMicroservice0000Template.API", "TitleMicroservice0000Template.API\TitleMicroservice0000Template.API.csproj", "{659DA872-F366-48E1-B305-71CDA00AC391}"
EndProject
Global
	GlobalSection(SolutionConfigurationPlatforms) = preSolution
		Debug|Any CPU = Debug|Any CPU
		Release|Any CPU = Release|Any CPU
	EndGlobalSection
	GlobalSection(ProjectConfigurationPlatforms) = postSolution
		{659DA872-F366-48E1-B305-71CDA00AC391}.Debug|Any CPU.ActiveCfg = Debug|Any CPU
		{659DA872-F366-48E1-B305-71CDA00AC391}.Debug|Any CPU.Build.0 = Debug|Any CPU
		{659DA872-F366-48E1-B305-71CDA00AC391}.Release|Any CPU.ActiveCfg = Release|Any CPU
		{659DA872-F366-48E1-B305-71CDA00AC391}.Release|Any CPU.Build.0 = Release|Any CPU
	EndGlobalSection
	GlobalSection(SolutionProperties) = preSolution
		HideSolutionNode = FALSE
	EndGlobalSection
	GlobalSection(NestedProjects) = preSolution
		{659DA872-F366-48E1-B305-71CDA00AC391} = {71F3CCBB-AB1E-446E-8156-4A0E77AE9163}
	EndGlobalSection
	GlobalSection(ExtensibilityGlobals) = postSolution
		SolutionGuid = {EE3995CD-44CD-468E-9E55-53D0CDB3607E}
	EndGlobalSection
EndGlobal
